{
  "name": "codex-jev-desktop",
  "version": "0.1.0",
  "lockfileVersion": 3,
  "requires": true,
  "packages": {
    "": {
      "name": "codex-jev-desktop",
      "version": "0.1.0",
      "bin": {
        "jev-desktop": "bin/jev-desktop.mjs"
      },
      "engines": {
        "node": ">=22"
      }
    }
  }
}
